
Microsoft Visual Studio Solution File, Format Version 12.00
# Visual Studio 14
VisualStudioVersion = 14.0.23107.0
MinimumVisualStudioVersion = 10.0.40219.1
Project("{FAE04EC0-301F-11D3-BF4B-00C04F79EFBC}") = "SoftEngineTS", "SoftEngineTS\SoftEngineTS.csproj", "{E7A553D4-1255-4F66-BE62-EB153691ADFE}"
EndProject
Project("{FAE04EC0-301F-11D3-BF4B-00C04F79EFBC}") = "SoftEngine", "SoftEngine\SoftEngine.csproj", "{85BE3B54-222E-4FAD-9C2A-0F46969D4FF0}"
EndProject
Project("{E24C65DC-7377-472B-9ABA-BC803B73C61A}") = "SoftEngineJS", "SoftEngineJS\", "{F3B4B1B2-7EB8-440F-AA60-50E024EF38B8}"
	ProjectSection(WebsiteProperties) = preProject
		TargetFrameworkMoniker = ".NETFramework,Version%3Dv4.0"
		Debug.AspNetCompiler.VirtualPath = "/localhost_9262"
		Debug.AspNetCompiler.PhysicalPath = "SoftEngineJS\"
		Debug.AspNetCompiler.TargetPath = "PrecompiledWeb\localhost_9262\"
		Debug.AspNetCompiler.Updateable = "true"
		Debug.AspNetCompiler.ForceOverwrite = "true"
		Debug.AspNetCompiler.FixedNames = "false"
		Debug.AspNetCompiler.Debug = "True"
		Release.AspNetCompiler.VirtualPath = "/localhost_9262"
		Release.AspNetCompiler.PhysicalPath = "SoftEngineJS\"
		Release.AspNetCompiler.TargetPath = "PrecompiledWeb\localhost_9262\"
		Release.AspNetCompiler.Updateable = "true"
		Release.AspNetCompiler.ForceOverwrite = "true"
		Release.AspNetCompiler.FixedNames = "false"
		Release.AspNetCompiler.Debug = "False"
		VWDPort = "9262"
		SlnRelativePath = "SoftEngineJS\"
	EndProjectSection
EndProject
Project("{E24C65DC-7377-472B-9ABA-BC803B73C61A}") = "Assignment2", "Assignment2\", "{D176BCAE-2BEE-4000-9C40-0E9450626466}"
	ProjectSection(WebsiteProperties) = preProject
		TargetFrameworkMoniker = ".NETFramework,Version%3Dv4.5.2"
		Debug.AspNetCompiler.VirtualPath = "/localhost_10051"
		Debug.AspNetCompiler.PhysicalPath = "Assignment2\"
		Debug.AspNetCompiler.TargetPath = "PrecompiledWeb\localhost_10051\"
		Debug.AspNetCompiler.Updateable = "true"
		Debug.AspNetCompiler.ForceOverwrite = "true"
		Debug.AspNetCompiler.FixedNames = "false"
		Debug.AspNetCompiler.Debug = "True"
		Release.AspNetCompiler.VirtualPath = "/localhost_10051"
		Release.AspNetCompiler.PhysicalPath = "Assignment2\"
		Release.AspNetCompiler.TargetPath = "PrecompiledWeb\localhost_10051\"
		Release.AspNetCompiler.Updateable = "true"
		Release.AspNetCompiler.ForceOverwrite = "true"
		Release.AspNetCompiler.FixedNames = "false"
		Release.AspNetCompiler.Debug = "False"
		VWDPort = "10051"
		SlnRelativePath = "Assignment2\"
	EndProjectSection
EndProject
Project("{2150E333-8FDC-42A3-9474-1A3956D46DE8}") = "Assignment1", "Assignment1", "{98355EBC-6AF7-4C66-B616-BEDD2AFAA60F}"
EndProject
Global
	GlobalSection(SolutionConfigurationPlatforms) = preSolution
		Debug|Android = Debug|Android
		Debug|Any CPU = Debug|Any CPU
		Debug|ARM = Debug|ARM
		Debug|iOS = Debug|iOS
		Debug|Windows Phone (Universal) = Debug|Windows Phone (Universal)
		Debug|Windows Phone 8 = Debug|Windows Phone 8
		Debug|Windows-AnyCPU = Debug|Windows-AnyCPU
		Debug|Windows-ARM = Debug|Windows-ARM
		Debug|Windows-x64 = Debug|Windows-x64
		Debug|Windows-x86 = Debug|Windows-x86
		Debug|x64 = Debug|x64
		Debug|x86 = Debug|x86
		Release|Android = Release|Android
		Release|Any CPU = Release|Any CPU
		Release|ARM = Release|ARM
		Release|iOS = Release|iOS
		Release|Windows Phone (Universal) = Release|Windows Phone (Universal)
		Release|Windows Phone 8 = Release|Windows Phone 8
		Release|Windows-AnyCPU = Release|Windows-AnyCPU
		Release|Windows-ARM = Release|Windows-ARM
		Release|Windows-x64 = Release|Windows-x64
		Release|Windows-x86 = Release|Windows-x86
		Release|x64 = Release|x64
		Release|x86 = Release|x86
	EndGlobalSection
	GlobalSection(ProjectConfigurationPlatforms) = postSolution
		{E7A553D4-1255-4F66-BE62-EB153691ADFE}.Debug|Android.ActiveCfg = Debug|Any CPU
		{E7A553D4-1255-4F66-BE62-EB153691ADFE}.Debug|Android.Build.0 = Debug|Any CPU
		{E7A553D4-1255-4F66-BE62-EB153691ADFE}.Debug|Any CPU.ActiveCfg = Debug|Any CPU
		{E7A553D4-1255-4F66-BE62-EB153691ADFE}.Debug|Any CPU.Build.0 = Debug|Any CPU
		{E7A553D4-1255-4F66-BE62-EB153691ADFE}.Debug|ARM.ActiveCfg = Debug|Any CPU
		{E7A553D4-1255-4F66-BE62-EB153691ADFE}.Debug|ARM.Build.0 = Debug|Any CPU
		{E7A553D4-1255-4F66-BE62-EB153691ADFE}.Debug|iOS.ActiveCfg = Debug|Any CPU
		{E7A553D4-1255-4F66-BE62-EB153691ADFE}.Debug|iOS.Build.0 = Debug|Any CPU
		{E7A553D4-1255-4F66-BE62-EB153691ADFE}.Debug|Windows Phone (Universal).ActiveCfg = Debug|Any CPU
		{E7A553D4-1255-4F66-BE62-EB153691ADFE}.Debug|Windows Phone (Universal).Build.0 = Debug|Any CPU
		{E7A553D4-1255-4F66-BE62-EB153691ADFE}.Debug|Windows Phone 8.ActiveCfg = Debug|Any CPU
		{E7A553D4-1255-4F66-BE62-EB153691ADFE}.Debug|Windows Phone 8.Build.0 = Debug|Any CPU
		{E7A553D4-1255-4F66-BE62-EB153691ADFE}.Debug|Windows-AnyCPU.ActiveCfg = Debug|Any CPU
		{E7A553D4-1255-4F66-BE62-EB153691ADFE}.Debug|Windows-AnyCPU.Build.0 = Debug|Any CPU
		{E7A553D4-1255-4F66-BE62-EB153691ADFE}.Debug|Windows-ARM.ActiveCfg = Debug|Any CPU
		{E7A553D4-1255-4F66-BE62-EB153691ADFE}.Debug|Windows-ARM.Build.0 = Debug|Any CPU
		{E7A553D4-1255-4F66-BE62-EB153691ADFE}.Debug|Windows-x64.ActiveCfg = Debug|Any CPU
		{E7A553D4-1255-4F66-BE62-EB153691ADFE}.Debug|Windows-x64.Build.0 = Debug|Any CPU
		{E7A553D4-1255-4F66-BE62-EB153691ADFE}.Debug|Windows-x86.ActiveCfg = Debug|Any CPU
		{E7A553D4-1255-4F66-BE62-EB153691ADFE}.Debug|Windows-x86.Build.0 = Debug|Any CPU
		{E7A553D4-1255-4F66-BE62-EB153691ADFE}.Debug|x64.ActiveCfg = Debug|Any CPU
		{E7A553D4-1255-4F66-BE62-EB153691ADFE}.Debug|x64.Build.0 = Debug|Any CPU
		{E7A553D4-1255-4F66-BE62-EB153691ADFE}.Debug|x86.ActiveCfg = Debug|Any CPU
		{E7A553D4-1255-4F66-BE62-EB153691ADFE}.Debug|x86.Build.0 = Debug|Any CPU
		{E7A553D4-1255-4F66-BE62-EB153691ADFE}.Release|Android.ActiveCfg = Release|Any CPU
		{E7A553D4-1255-4F66-BE62-EB153691ADFE}.Release|Android.Build.0 = Release|Any CPU
		{E7A553D4-1255-4F66-BE62-EB153691ADFE}.Release|Any CPU.ActiveCfg = Release|Any CPU
		{E7A553D4-1255-4F66-BE62-EB153691ADFE}.Release|Any CPU.Build.0 = Release|Any CPU
		{E7A553D4-1255-4F66-BE62-EB153691ADFE}.Release|ARM.ActiveCfg = Release|Any CPU
		{E7A553D4-1255-4F66-BE62-EB153691ADFE}.Release|ARM.Build.0 = Release|Any CPU
		{E7A553D4-1255-4F66-BE62-EB153691ADFE}.Release|iOS.ActiveCfg = Release|Any CPU
		{E7A553D4-1255-4F66-BE62-EB153691ADFE}.Release|iOS.Build.0 = Release|Any CPU
		{E7A553D4-1255-4F66-BE62-EB153691ADFE}.Release|Windows Phone (Universal).ActiveCfg = Release|Any CPU
		{E7A553D4-1255-4F66-BE62-EB153691ADFE}.Release|Windows Phone (Universal).Build.0 = Release|Any CPU
		{E7A553D4-1255-4F66-BE62-EB153691ADFE}.Release|Windows Phone 8.ActiveCfg = Release|Any CPU
		{E7A553D4-1255-4F66-BE62-EB153691ADFE}.Release|Windows Phone 8.Build.0 = Release|Any CPU
		{E7A553D4-1255-4F66-BE62-EB153691ADFE}.Release|Windows-AnyCPU.ActiveCfg = Release|Any CPU
		{E7A553D4-1255-4F66-BE62-EB153691ADFE}.Release|Windows-AnyCPU.Build.0 = Release|Any CPU
		{E7A553D4-1255-4F66-BE62-EB153691ADFE}.Release|Windows-ARM.ActiveCfg = Release|Any CPU
		{E7A553D4-1255-4F66-BE62-EB153691ADFE}.Release|Windows-ARM.Build.0 = Release|Any CPU
		{E7A553D4-1255-4F66-BE62-EB153691ADFE}.Release|Windows-x64.ActiveCfg = Release|Any CPU
		{E7A553D4-1255-4F66-BE62-EB153691ADFE}.Release|Windows-x64.Build.0 = Release|Any CPU
		{E7A553D4-1255-4F66-BE62-EB153691ADFE}.Release|Windows-x86.ActiveCfg = Release|Any CPU
		{E7A553D4-1255-4F66-BE62-EB153691ADFE}.Release|Windows-x86.Build.0 = Release|Any CPU
		{E7A553D4-1255-4F66-BE62-EB153691ADFE}.Release|x64.ActiveCfg = Release|Any CPU
		{E7A553D4-1255-4F66-BE62-EB153691ADFE}.Release|x64.Build.0 = Release|Any CPU
		{E7A553D4-1255-4F66-BE62-EB153691ADFE}.Release|x86.ActiveCfg = Release|Any CPU
		{E7A553D4-1255-4F66-BE62-EB153691ADFE}.Release|x86.Build.0 = Release|Any CPU
		{85BE3B54-222E-4FAD-9C2A-0F46969D4FF0}.Debug|Android.ActiveCfg = Debug|Any CPU
		{85BE3B54-222E-4FAD-9C2A-0F46969D4FF0}.Debug|Android.Build.0 = Debug|Any CPU
		{85BE3B54-222E-4FAD-9C2A-0F46969D4FF0}.Debug|Android.Deploy.0 = Debug|Any CPU
		{85BE3B54-222E-4FAD-9C2A-0F46969D4FF0}.Debug|Any CPU.ActiveCfg = Debug|Any CPU
		{85BE3B54-222E-4FAD-9C2A-0F46969D4FF0}.Debug|Any CPU.Build.0 = Debug|Any CPU
		{85BE3B54-222E-4FAD-9C2A-0F46969D4FF0}.Debug|Any CPU.Deploy.0 = Debug|Any CPU
		{85BE3B54-222E-4FAD-9C2A-0F46969D4FF0}.Debug|ARM.ActiveCfg = Debug|ARM
		{85BE3B54-222E-4FAD-9C2A-0F46969D4FF0}.Debug|ARM.Build.0 = Debug|ARM
		{85BE3B54-222E-4FAD-9C2A-0F46969D4FF0}.Debug|ARM.Deploy.0 = Debug|ARM
		{85BE3B54-222E-4FAD-9C2A-0F46969D4FF0}.Debug|iOS.ActiveCfg = Debug|Any CPU
		{85BE3B54-222E-4FAD-9C2A-0F46969D4FF0}.Debug|iOS.Build.0 = Debug|Any CPU
		{85BE3B54-222E-4FAD-9C2A-0F46969D4FF0}.Debug|iOS.Deploy.0 = Debug|Any CPU
		{85BE3B54-222E-4FAD-9C2A-0F46969D4FF0}.Debug|Windows Phone (Universal).ActiveCfg = Debug|Any CPU
		{85BE3B54-222E-4FAD-9C2A-0F46969D4FF0}.Debug|Windows Phone (Universal).Build.0 = Debug|Any CPU
		{85BE3B54-222E-4FAD-9C2A-0F46969D4FF0}.Debug|Windows Phone (Universal).Deploy.0 = Debug|Any CPU
		{85BE3B54-222E-4FAD-9C2A-0F46969D4FF0}.Debug|Windows Phone 8.ActiveCfg = Debug|Any CPU
		{85BE3B54-222E-4FAD-9C2A-0F46969D4FF0}.Debug|Windows Phone 8.Build.0 = Debug|Any CPU
		{85BE3B54-222E-4FAD-9C2A-0F46969D4FF0}.Debug|Windows Phone 8.Deploy.0 = Debug|Any CPU
		{85BE3B54-222E-4FAD-9C2A-0F46969D4FF0}.Debug|Windows-AnyCPU.ActiveCfg = Debug|Any CPU
		{85BE3B54-222E-4FAD-9C2A-0F46969D4FF0}.Debug|Windows-AnyCPU.Build.0 = Debug|Any CPU
		{85BE3B54-222E-4FAD-9C2A-0F46969D4FF0}.Debug|Windows-AnyCPU.Deploy.0 = Debug|Any CPU
		{85BE3B54-222E-4FAD-9C2A-0F46969D4FF0}.Debug|Windows-ARM.ActiveCfg = Debug|Any CPU
		{85BE3B54-222E-4FAD-9C2A-0F46969D4FF0}.Debug|Windows-ARM.Build.0 = Debug|Any CPU
		{85BE3B54-222E-4FAD-9C2A-0F46969D4FF0}.Debug|Windows-ARM.Deploy.0 = Debug|Any CPU
		{85BE3B54-222E-4FAD-9C2A-0F46969D4FF0}.Debug|Windows-x64.ActiveCfg = Debug|Any CPU
		{85BE3B54-222E-4FAD-9C2A-0F46969D4FF0}.Debug|Windows-x64.Build.0 = Debug|Any CPU
		{85BE3B54-222E-4FAD-9C2A-0F46969D4FF0}.Debug|Windows-x64.Deploy.0 = Debug|Any CPU
		{85BE3B54-222E-4FAD-9C2A-0F46969D4FF0}.Debug|Windows-x86.ActiveCfg = Debug|Any CPU
		{85BE3B54-222E-4FAD-9C2A-0F46969D4FF0}.Debug|Windows-x86.Build.0 = Debug|Any CPU
		{85BE3B54-222E-4FAD-9C2A-0F46969D4FF0}.Debug|Windows-x86.Deploy.0 = Debug|Any CPU
		{85BE3B54-222E-4FAD-9C2A-0F46969D4FF0}.Debug|x64.ActiveCfg = Debug|x64
		{85BE3B54-222E-4FAD-9C2A-0F46969D4FF0}.Debug|x64.Build.0 = Debug|x64
		{85BE3B54-222E-4FAD-9C2A-0F46969D4FF0}.Debug|x64.Deploy.0 = Debug|x64
		{85BE3B54-222E-4FAD-9C2A-0F46969D4FF0}.Debug|x86.ActiveCfg = Debug|x86
		{85BE3B54-222E-4FAD-9C2A-0F46969D4FF0}.Debug|x86.Build.0 = Debug|x86
		{85BE3B54-222E-4FAD-9C2A-0F46969D4FF0}.Debug|x86.Deploy.0 = Debug|x86
		{85BE3B54-222E-4FAD-9C2A-0F46969D4FF0}.Release|Android.ActiveCfg = Release|Any CPU
		{85BE3B54-222E-4FAD-9C2A-0F46969D4FF0}.Release|Android.Build.0 = Release|Any CPU
		{85BE3B54-222E-4FAD-9C2A-0F46969D4FF0}.Release|Android.Deploy.0 = Release|Any CPU
		{85BE3B54-222E-4FAD-9C2A-0F46969D4FF0}.Release|Any CPU.ActiveCfg = Release|Any CPU
		{85BE3B54-222E-4FAD-9C2A-0F46969D4FF0}.Release|Any CPU.Build.0 = Release|Any CPU
		{85BE3B54-222E-4FAD-9C2A-0F46969D4FF0}.Release|Any CPU.Deploy.0 = Release|Any CPU
		{85BE3B54-222E-4FAD-9C2A-0F46969D4FF0}.Release|ARM.ActiveCfg = Release|ARM
		{85BE3B54-222E-4FAD-9C2A-0F46969D4FF0}.Release|ARM.Build.0 = Release|ARM
		{85BE3B54-222E-4FAD-9C2A-0F46969D4FF0}.Release|ARM.Deploy.0 = Release|ARM
		{85BE3B54-222E-4FAD-9C2A-0F46969D4FF0}.Release|iOS.ActiveCfg = Release|Any CPU
		{85BE3B54-222E-4FAD-9C2A-0F46969D4FF0}.Release|iOS.Build.0 = Release|Any CPU
		{85BE3B54-222E-4FAD-9C2A-0F46969D4FF0}.Release|iOS.Deploy.0 = Release|Any CPU
		{85BE3B54-222E-4FAD-9C2A-0F46969D4FF0}.Release|Windows Phone (Universal).ActiveCfg = Release|Any CPU
		{85BE3B54-222E-4FAD-9C2A-0F46969D4FF0}.Release|Windows Phone (Universal).Build.0 = Release|Any CPU
		{85BE3B54-222E-4FAD-9C2A-0F46969D4FF0}.Release|Windows Phone (Universal).Deploy.0 = Release|Any CPU
		{85BE3B54-222E-4FAD-9C2A-0F46969D4FF0}.Release|Windows Phone 8.ActiveCfg = Release|Any CPU
		{85BE3B54-222E-4FAD-9C2A-0F46969D4FF0}.Release|Windows Phone 8.Build.0 = Release|Any CPU
		{85BE3B54-222E-4FAD-9C2A-0F46969D4FF0}.Release|Windows Phone 8.Deploy.0 = Release|Any CPU
		{85BE3B54-222E-4FAD-9C2A-0F46969D4FF0}.Release|Windows-AnyCPU.ActiveCfg = Release|Any CPU
		{85BE3B54-222E-4FAD-9C2A-0F46969D4FF0}.Release|Windows-AnyCPU.Build.0 = Release|Any CPU
		{85BE3B54-222E-4FAD-9C2A-0F46969D4FF0}.Release|Windows-AnyCPU.Deploy.0 = Release|Any CPU
		{85BE3B54-222E-4FAD-9C2A-0F46969D4FF0}.Release|Windows-ARM.ActiveCfg = Release|Any CPU
		{85BE3B54-222E-4FAD-9C2A-0F46969D4FF0}.Release|Windows-ARM.Build.0 = Release|Any CPU
		{85BE3B54-222E-4FAD-9C2A-0F46969D4FF0}.Release|Windows-ARM.Deploy.0 = Release|Any CPU
		{85BE3B54-222E-4FAD-9C2A-0F46969D4FF0}.Release|Windows-x64.ActiveCfg = Release|Any CPU
		{85BE3B54-222E-4FAD-9C2A-0F46969D4FF0}.Release|Windows-x64.Build.0 = Release|Any CPU
		{85BE3B54-222E-4FAD-9C2A-0F46969D4FF0}.Release|Windows-x64.Deploy.0 = Release|Any CPU
		{85BE3B54-222E-4FAD-9C2A-0F46969D4FF0}.Release|Windows-x86.ActiveCfg = Release|Any CPU
		{85BE3B54-222E-4FAD-9C2A-0F46969D4FF0}.Release|Windows-x86.Build.0 = Release|Any CPU
		{85BE3B54-222E-4FAD-9C2A-0F46969D4FF0}.Release|Windows-x86.Deploy.0 = Release|Any CPU
		{85BE3B54-222E-4FAD-9C2A-0F46969D4FF0}.Release|x64.ActiveCfg = Release|x64
		{85BE3B54-222E-4FAD-9C2A-0F46969D4FF0}.Release|x64.Build.0 = Release|x64
		{85BE3B54-222E-4FAD-9C2A-0F46969D4FF0}.Release|x64.Deploy.0 = Release|x64
		{85BE3B54-222E-4FAD-9C2A-0F46969D4FF0}.Release|x86.ActiveCfg = Release|x86
		{85BE3B54-222E-4FAD-9C2A-0F46969D4FF0}.Release|x86.Build.0 = Release|x86
		{85BE3B54-222E-4FAD-9C2A-0F46969D4FF0}.Release|x86.Deploy.0 = Release|x86
		{F3B4B1B2-7EB8-440F-AA60-50E024EF38B8}.Debug|Android.ActiveCfg = Debug|Any CPU
		{F3B4B1B2-7EB8-440F-AA60-50E024EF38B8}.Debug|Android.Build.0 = Debug|Any CPU
		{F3B4B1B2-7EB8-440F-AA60-50E024EF38B8}.Debug|Any CPU.ActiveCfg = Debug|Any CPU
		{F3B4B1B2-7EB8-440F-AA60-50E024EF38B8}.Debug|Any CPU.Build.0 = Debug|Any CPU
		{F3B4B1B2-7EB8-440F-AA60-50E024EF38B8}.Debug|ARM.ActiveCfg = Debug|Any CPU
		{F3B4B1B2-7EB8-440F-AA60-50E024EF38B8}.Debug|ARM.Build.0 = Debug|Any CPU
		{F3B4B1B2-7EB8-440F-AA60-50E024EF38B8}.Debug|iOS.ActiveCfg = Debug|Any CPU
		{F3B4B1B2-7EB8-440F-AA60-50E024EF38B8}.Debug|iOS.Build.0 = Debug|Any CPU
		{F3B4B1B2-7EB8-440F-AA60-50E024EF38B8}.Debug|Windows Phone (Universal).ActiveCfg = Debug|Any CPU
		{F3B4B1B2-7EB8-440F-AA60-50E024EF38B8}.Debug|Windows Phone (Universal).Build.0 = Debug|Any CPU
		{F3B4B1B2-7EB8-440F-AA60-50E024EF38B8}.Debug|Windows Phone 8.ActiveCfg = Debug|Any CPU
		{F3B4B1B2-7EB8-440F-AA60-50E024EF38B8}.Debug|Windows Phone 8.Build.0 = Debug|Any CPU
		{F3B4B1B2-7EB8-440F-AA60-50E024EF38B8}.Debug|Windows-AnyCPU.ActiveCfg = Debug|Any CPU
		{F3B4B1B2-7EB8-440F-AA60-50E024EF38B8}.Debug|Windows-AnyCPU.Build.0 = Debug|Any CPU
		{F3B4B1B2-7EB8-440F-AA60-50E024EF38B8}.Debug|Windows-ARM.ActiveCfg = Debug|Any CPU
		{F3B4B1B2-7EB8-440F-AA60-50E024EF38B8}.Debug|Windows-ARM.Build.0 = Debug|Any CPU
		{F3B4B1B2-7EB8-440F-AA60-50E024EF38B8}.Debug|Windows-x64.ActiveCfg = Debug|Any CPU
		{F3B4B1B2-7EB8-440F-AA60-50E024EF38B8}.Debug|Windows-x64.Build.0 = Debug|Any CPU
		{F3B4B1B2-7EB8-440F-AA60-50E024EF38B8}.Debug|Windows-x86.ActiveCfg = Debug|Any CPU
		{F3B4B1B2-7EB8-440F-AA60-50E024EF38B8}.Debug|Windows-x86.Build.0 = Debug|Any CPU
		{F3B4B1B2-7EB8-440F-AA60-50E024EF38B8}.Debug|x64.ActiveCfg = Debug|Any CPU
		{F3B4B1B2-7EB8-440F-AA60-50E024EF38B8}.Debug|x64.Build.0 = Debug|Any CPU
		{F3B4B1B2-7EB8-440F-AA60-50E024EF38B8}.Debug|x86.ActiveCfg = Debug|Any CPU
		{F3B4B1B2-7EB8-440F-AA60-50E024EF38B8}.Debug|x86.Build.0 = Debug|Any CPU
		{F3B4B1B2-7EB8-440F-AA60-50E024EF38B8}.Release|Android.ActiveCfg = Debug|Any CPU
		{F3B4B1B2-7EB8-440F-AA60-50E024EF38B8}.Release|Android.Build.0 = Debug|Any CPU
		{F3B4B1B2-7EB8-440F-AA60-50E024EF38B8}.Release|Any CPU.ActiveCfg = Debug|Any CPU
		{F3B4B1B2-7EB8-440F-AA60-50E024EF38B8}.Release|Any CPU.Build.0 = Debug|Any CPU
		{F3B4B1B2-7EB8-440F-AA60-50E024EF38B8}.Release|ARM.ActiveCfg = Debug|Any CPU
		{F3B4B1B2-7EB8-440F-AA60-50E024EF38B8}.Release|ARM.Build.0 = Debug|Any CPU
		{F3B4B1B2-7EB8-440F-AA60-50E024EF38B8}.Release|iOS.ActiveCfg = Debug|Any CPU
		{F3B4B1B2-7EB8-440F-AA60-50E024EF38B8}.Release|iOS.Build.0 = Debug|Any CPU
		{F3B4B1B2-7EB8-440F-AA60-50E024EF38B8}.Release|Windows Phone (Universal).ActiveCfg = Debug|Any CPU
		{F3B4B1B2-7EB8-440F-AA60-50E024EF38B8}.Release|Windows Phone (Universal).Build.0 = Debug|Any CPU
		{F3B4B1B2-7EB8-440F-AA60-50E024EF38B8}.Release|Windows Phone 8.ActiveCfg = Debug|Any CPU
		{F3B4B1B2-7EB8-440F-AA60-50E024EF38B8}.Release|Windows Phone 8.Build.0 = Debug|Any CPU
		{F3B4B1B2-7EB8-440F-AA60-50E024EF38B8}.Release|Windows-AnyCPU.ActiveCfg = Debug|Any CPU
		{F3B4B1B2-7EB8-440F-AA60-50E024EF38B8}.Release|Windows-AnyCPU.Build.0 = Debug|Any CPU
		{F3B4B1B2-7EB8-440F-AA60-50E024EF38B8}.Release|Windows-ARM.ActiveCfg = Debug|Any CPU
		{F3B4B1B2-7EB8-440F-AA60-50E024EF38B8}.Release|Windows-ARM.Build.0 = Debug|Any CPU
		{F3B4B1B2-7EB8-440F-AA60-50E024EF38B8}.Release|Windows-x64.ActiveCfg = Debug|Any CPU
		{F3B4B1B2-7EB8-440F-AA60-50E024EF38B8}.Release|Windows-x64.Build.0 = Debug|Any CPU
		{F3B4B1B2-7EB8-440F-AA60-50E024EF38B8}.Release|Windows-x86.ActiveCfg = Debug|Any CPU
		{F3B4B1B2-7EB8-440F-AA60-50E024EF38B8}.Release|Windows-x86.Build.0 = Debug|Any CPU
		{F3B4B1B2-7EB8-440F-AA60-50E024EF38B8}.Release|x64.ActiveCfg = Debug|Any CPU
		{F3B4B1B2-7EB8-440F-AA60-50E024EF38B8}.Release|x64.Build.0 = Debug|Any CPU
		{F3B4B1B2-7EB8-440F-AA60-50E024EF38B8}.Release|x86.ActiveCfg = Debug|Any CPU
		{F3B4B1B2-7EB8-440F-AA60-50E024EF38B8}.Release|x86.Build.0 = Debug|Any CPU
		{D176BCAE-2BEE-4000-9C40-0E9450626466}.Debug|Android.ActiveCfg = Debug|Any CPU
		{D176BCAE-2BEE-4000-9C40-0E9450626466}.Debug|Android.Build.0 = Debug|Any CPU
		{D176BCAE-2BEE-4000-9C40-0E9450626466}.Debug|Any CPU.ActiveCfg = Debug|Any CPU
		{D176BCAE-2BEE-4000-9C40-0E9450626466}.Debug|Any CPU.Build.0 = Debug|Any CPU
		{D176BCAE-2BEE-4000-9C40-0E9450626466}.Debug|ARM.ActiveCfg = Debug|Any CPU
		{D176BCAE-2BEE-4000-9C40-0E9450626466}.Debug|ARM.Build.0 = Debug|Any CPU
		{D176BCAE-2BEE-4000-9C40-0E9450626466}.Debug|iOS.ActiveCfg = Debug|Any CPU
		{D176BCAE-2BEE-4000-9C40-0E9450626466}.Debug|iOS.Build.0 = Debug|Any CPU
		{D176BCAE-2BEE-4000-9C40-0E9450626466}.Debug|Windows Phone (Universal).ActiveCfg = Debug|Any CPU
		{D176BCAE-2BEE-4000-9C40-0E9450626466}.Debug|Windows Phone (Universal).Build.0 = Debug|Any CPU
		{D176BCAE-2BEE-4000-9C40-0E9450626466}.Debug|Windows Phone 8.ActiveCfg = Debug|Any CPU
		{D176BCAE-2BEE-4000-9C40-0E9450626466}.Debug|Windows Phone 8.Build.0 = Debug|Any CPU
		{D176BCAE-2BEE-4000-9C40-0E9450626466}.Debug|Windows-AnyCPU.ActiveCfg = Debug|Any CPU
		{D176BCAE-2BEE-4000-9C40-0E9450626466}.Debug|Windows-AnyCPU.Build.0 = Debug|Any CPU
		{D176BCAE-2BEE-4000-9C40-0E9450626466}.Debug|Windows-ARM.ActiveCfg = Debug|Any CPU
		{D176BCAE-2BEE-4000-9C40-0E9450626466}.Debug|Windows-ARM.Build.0 = Debug|Any CPU
		{D176BCAE-2BEE-4000-9C40-0E9450626466}.Debug|Windows-x64.ActiveCfg = Debug|Any CPU
		{D176BCAE-2BEE-4000-9C40-0E9450626466}.Debug|Windows-x64.Build.0 = Debug|Any CPU
		{D176BCAE-2BEE-4000-9C40-0E9450626466}.Debug|Windows-x86.ActiveCfg = Debug|Any CPU
		{D176BCAE-2BEE-4000-9C40-0E9450626466}.Debug|Windows-x86.Build.0 = Debug|Any CPU
		{D176BCAE-2BEE-4000-9C40-0E9450626466}.Debug|x64.ActiveCfg = Debug|Any CPU
		{D176BCAE-2BEE-4000-9C40-0E9450626466}.Debug|x64.Build.0 = Debug|Any CPU
		{D176BCAE-2BEE-4000-9C40-0E9450626466}.Debug|x86.ActiveCfg = Debug|Any CPU
		{D176BCAE-2BEE-4000-9C40-0E9450626466}.Debug|x86.Build.0 = Debug|Any CPU
		{D176BCAE-2BEE-4000-9C40-0E9450626466}.Release|Android.ActiveCfg = Debug|Any CPU
		{D176BCAE-2BEE-4000-9C40-0E9450626466}.Release|Android.Build.0 = Debug|Any CPU
		{D176BCAE-2BEE-4000-9C40-0E9450626466}.Release|Any CPU.ActiveCfg = Debug|Any CPU
		{D176BCAE-2BEE-4000-9C40-0E9450626466}.Release|Any CPU.Build.0 = Debug|Any CPU
		{D176BCAE-2BEE-4000-9C40-0E9450626466}.Release|ARM.ActiveCfg = Debug|Any CPU
		{D176BCAE-2BEE-4000-9C40-0E9450626466}.Release|ARM.Build.0 = Debug|Any CPU
		{D176BCAE-2BEE-4000-9C40-0E9450626466}.Release|iOS.ActiveCfg = Debug|Any CPU
		{D176BCAE-2BEE-4000-9C40-0E9450626466}.Release|iOS.Build.0 = Debug|Any CPU
		{D176BCAE-2BEE-4000-9C40-0E9450626466}.Release|Windows Phone (Universal).ActiveCfg = Debug|Any CPU
		{D176BCAE-2BEE-4000-9C40-0E9450626466}.Release|Windows Phone (Universal).Build.0 = Debug|Any CPU
		{D176BCAE-2BEE-4000-9C40-0E9450626466}.Release|Windows Phone 8.ActiveCfg = Debug|Any CPU
		{D176BCAE-2BEE-4000-9C40-0E9450626466}.Release|Windows Phone 8.Build.0 = Debug|Any CPU
		{D176BCAE-2BEE-4000-9C40-0E9450626466}.Release|Windows-AnyCPU.ActiveCfg = Debug|Any CPU
		{D176BCAE-2BEE-4000-9C40-0E9450626466}.Release|Windows-AnyCPU.Build.0 = Debug|Any CPU
		{D176BCAE-2BEE-4000-9C40-0E9450626466}.Release|Windows-ARM.ActiveCfg = Debug|Any CPU
		{D176BCAE-2BEE-4000-9C40-0E9450626466}.Release|Windows-ARM.Build.0 = Debug|Any CPU
		{D176BCAE-2BEE-4000-9C40-0E9450626466}.Release|Windows-x64.ActiveCfg = Debug|Any CPU
		{D176BCAE-2BEE-4000-9C40-0E9450626466}.Release|Windows-x64.Build.0 = Debug|Any CPU
		{D176BCAE-2BEE-4000-9C40-0E9450626466}.Release|Windows-x86.ActiveCfg = Debug|Any CPU
		{D176BCAE-2BEE-4000-9C40-0E9450626466}.Release|Windows-x86.Build.0 = Debug|Any CPU
		{D176BCAE-2BEE-4000-9C40-0E9450626466}.Release|x64.ActiveCfg = Debug|Any CPU
		{D176BCAE-2BEE-4000-9C40-0E9450626466}.Release|x64.Build.0 = Debug|Any CPU
		{D176BCAE-2BEE-4000-9C40-0E9450626466}.Release|x86.ActiveCfg = Debug|Any CPU
		{D176BCAE-2BEE-4000-9C40-0E9450626466}.Release|x86.Build.0 = Debug|Any CPU
	EndGlobalSection
	GlobalSection(SolutionProperties) = preSolution
		HideSolutionNode = FALSE
	EndGlobalSection
	GlobalSection(NestedProjects) = preSolution
		{E7A553D4-1255-4F66-BE62-EB153691ADFE} = {98355EBC-6AF7-4C66-B616-BEDD2AFAA60F}
		{85BE3B54-222E-4FAD-9C2A-0F46969D4FF0} = {98355EBC-6AF7-4C66-B616-BEDD2AFAA60F}
		{F3B4B1B2-7EB8-440F-AA60-50E024EF38B8} = {98355EBC-6AF7-4C66-B616-BEDD2AFAA60F}
	EndGlobalSection
EndGlobal
